
Microsoft Visual Studio Solution File, Format Version 12.00
# Visual Studio 15
VisualStudioVersion = 15.0.26228.4
MinimumVisualStudioVersion = 10.0.40219.1
Project("{FAE04EC0-301F-11D3-BF4B-00C04F79EFBC}") = "CodeTool", "CodeTool\CodeTool.csproj", "{A121D3D9-90B9-4A94-AFA2-7314323B0A1A}"
EndProject
Project("{FAE04EC0-301F-11D3-BF4B-00C04F79EFBC}") = "PerformanceMonitor", "PerformanceMonitor\PerformanceMonitor.csproj", "{BC58C816-12CC-4E4D-8FC4-71D62F522A12}"
EndProject
Project("{FAE04EC0-301F-11D3-BF4B-00C04F79EFBC}") = "TestConsole", "TestConsole\TestConsole.csproj", "{38F33AFC-C479-41FC-8018-4F88727D93AF}"
EndProject
Global
	GlobalSection(SolutionConfigurationPlatforms) = preSolution
		Debug|Any CPU = Debug|Any CPU
		Release|Any CPU = Release|Any CPU
	EndGlobalSection
	GlobalSection(ProjectConfigurationPlatforms) = postSolution
		{A121D3D9-90B9-4A94-AFA2-7314323B0A1A}.Debug|Any CPU.ActiveCfg = Debug|Any CPU
		{A121D3D9-90B9-4A94-AFA2-7314323B0A1A}.Debug|Any CPU.Build.0 = Debug|Any CPU
		{A121D3D9-90B9-4A94-AFA2-7314323B0A1A}.Release|Any CPU.ActiveCfg = Release|Any CPU
		{A121D3D9-90B9-4A94-AFA2-7314323B0A1A}.Release|Any CPU.Build.0 = Release|Any CPU
		{BC58C816-12CC-4E4D-8FC4-71D62F522A12}.Debug|Any CPU.ActiveCfg = Debug|Any CPU
		{BC58C816-12CC-4E4D-8FC4-71D62F522A12}.Debug|Any CPU.Build.0 = Debug|Any CPU
		{BC58C816-12CC-4E4D-8FC4-71D62F522A12}.Release|Any CPU.ActiveCfg = Release|Any CPU
		{BC58C816-12CC-4E4D-8FC4-71D62F522A12}.Release|Any CPU.Build.0 = Release|Any CPU
		{38F33AFC-C479-41FC-8018-4F88727D93AF}.Debug|Any CPU.ActiveCfg = Debug|Any CPU
		{38F33AFC-C479-41FC-8018-4F88727D93AF}.Debug|Any CPU.Build.0 = Debug|Any CPU
		{38F33AFC-C479-41FC-8018-4F88727D93AF}.Release|Any CPU.ActiveCfg = Release|Any CPU
		{38F33AFC-C479-41FC-8018-4F88727D93AF}.Release|Any CPU.Build.0 = Release|Any CPU
	EndGlobalSection
	GlobalSection(SolutionProperties) = preSolution
		HideSolutionNode = FALSE
	EndGlobalSection
EndGlobal
